
Microsoft Visual Studio Solution File, Format Version 12.00
# Visual Studio Version 17
VisualStudioVersion = 17.0.31903.59
MinimumVisualStudioVersion = 10.0.40219.1
Project("{2150E333-8FDC-42A3-9474-1A3956D46DE8}") = "src", "src", "{827E0CD3-B72D-47B6-A68D-7590B98EB39B}"
EndProject
Project("{2150E333-8FDC-42A3-9474-1A3956D46DE8}") = "Shared", "Shared", "{C8E42992-5E42-0C2B-DBFE-AA848D06431C}"
EndProject
Project("{FAE04EC0-301F-11D3-BF4B-00C04F79EFBC}") = "TodoList.SharedKernel", "src\Shared\TodoList.SharedKernel\TodoList.SharedKernel.csproj", "{6125C6DD-8359-4217-8A68-3AC3ADC104FE}"
EndProject
Project("{2150E333-8FDC-42A3-9474-1A3956D46DE8}") = "Identity", "Identity", "{65ABFB5D-2B10-DF64-BF12-C17976F8E5D9}"
EndProject
Project("{FAE04EC0-301F-11D3-BF4B-00C04F79EFBC}") = "TodoList.Identity.Domain", "src\Identity\TodoList.Identity.Domain\TodoList.Identity.Domain.csproj", "{0CB8A141-98D2-4F43-882D-8EC7128A658D}"
EndProject
Project("{FAE04EC0-301F-11D3-BF4B-00C04F79EFBC}") = "TodoList.Identity.Application", "src\Identity\TodoList.Identity.Application\TodoList.Identity.Application.csproj", "{AEAD56A3-7F3A-4DDF-B984-9ACC372AE2DD}"
EndProject
Project("{FAE04EC0-301F-11D3-BF4B-00C04F79EFBC}") = "TodoList.Identity.Infrastructure", "src\Identity\TodoList.Identity.Infrastructure\TodoList.Identity.Infrastructure.csproj", "{B49BA901-7440-4619-9E4A-E666B6C8136A}"
EndProject
Project("{FAE04EC0-301F-11D3-BF4B-00C04F79EFBC}") = "TodoList.Identity.Api", "src\Identity\TodoList.Identity.Api\TodoList.Identity.Api.csproj", "{6752AF0E-76E9-427D-AC19-127D5783552C}"
EndProject
Project("{2150E333-8FDC-42A3-9474-1A3956D46DE8}") = "Tasks", "Tasks", "{0EAE81AC-B663-21D5-F9F1-5E8A35DD955A}"
EndProject
Project("{FAE04EC0-301F-11D3-BF4B-00C04F79EFBC}") = "TodoList.Tasks.Domain", "src\Tasks\TodoList.Tasks.Domain\TodoList.Tasks.Domain.csproj", "{47E5B696-F426-4DEA-BA70-2300B6D5C010}"
EndProject
Project("{FAE04EC0-301F-11D3-BF4B-00C04F79EFBC}") = "TodoList.Tasks.Application", "src\Tasks\TodoList.Tasks.Application\TodoList.Tasks.Application.csproj", "{1083A096-D1EE-42DA-89F3-36B4C12ADF40}"
EndProject
Project("{FAE04EC0-301F-11D3-BF4B-00C04F79EFBC}") = "TodoList.Tasks.Infrastructure", "src\Tasks\TodoList.Tasks.Infrastructure\TodoList.Tasks.Infrastructure.csproj", "{427B9D1A-8224-4E8F-8975-EB02A65FEA28}"
EndProject
Project("{FAE04EC0-301F-11D3-BF4B-00C04F79EFBC}") = "TodoList.Tasks.Api", "src\Tasks\TodoList.Tasks.Api\TodoList.Tasks.Api.csproj", "{AF8616D5-A39F-4C7B-9DAB-2E134BAEB1A0}"
EndProject
Project("{2150E333-8FDC-42A3-9474-1A3956D46DE8}") = "tests", "tests", "{0AB3BF05-4346-4AA6-1389-037BE0695223}"
EndProject
Project("{FAE04EC0-301F-11D3-BF4B-00C04F79EFBC}") = "TodoList.Identity.UnitTests", "tests\TodoList.Identity.UnitTests\TodoList.Identity.UnitTests.csproj", "{A7619D11-C078-4E3D-8A53-76F5D0AC7EF2}"
EndProject
Project("{FAE04EC0-301F-11D3-BF4B-00C04F79EFBC}") = "TodoList.Identity.IntegrationTests", "tests\TodoList.Identity.IntegrationTests\TodoList.Identity.IntegrationTests.csproj", "{80F2726C-22DB-4404-9EAE-64EC6E213CEE}"
EndProject
Project("{FAE04EC0-301F-11D3-BF4B-00C04F79EFBC}") = "TodoList.Tasks.UnitTests", "tests\TodoList.Tasks.UnitTests\TodoList.Tasks.UnitTests.csproj", "{BF0CC71D-4DB6-415C-A822-F5C27E589A81}"
EndProject
Project("{FAE04EC0-301F-11D3-BF4B-00C04F79EFBC}") = "TodoList.Tasks.IntegrationTests", "tests\TodoList.Tasks.IntegrationTests\TodoList.Tasks.IntegrationTests.csproj", "{558EF556-E3F9-4D43-9D36-C379EF510C94}"
EndProject
Project("{2150E333-8FDC-42A3-9474-1A3956D46DE8}") = "Gateway", "Gateway", "{E7BDDBC6-9FD1-D1D7-ACD8-2C4F8E3D2461}"
EndProject
Project("{FAE04EC0-301F-11D3-BF4B-00C04F79EFBC}") = "TodoList.Gateway.Api", "src\Gateway\TodoList.Gateway.Api\TodoList.Gateway.Api.csproj", "{42CE2C4C-364A-4DA5-B65D-F3C0A25DA236}"
EndProject
Project("{FAE04EC0-301F-11D3-BF4B-00C04F79EFBC}") = "TodoList.Gateway.UnitTests", "tests\TodoList.Gateway.UnitTests\TodoList.Gateway.UnitTests.csproj", "{4B60198D-091F-4325-9B67-5A0F8222A5B2}"
EndProject
Project("{FAE04EC0-301F-11D3-BF4B-00C04F79EFBC}") = "TodoList.Gateway.IntegrationTests", "tests\TodoList.Gateway.IntegrationTests\TodoList.Gateway.IntegrationTests.csproj", "{BD4ED43F-7F43-428A-8535-C67852A71974}"
EndProject
Project("{FAE04EC0-301F-11D3-BF4B-00C04F79EFBC}") = "TodoList.Gateway.IntegrationTests.Fakes", "tests\TodoList.Gateway.IntegrationTests.Fakes\TodoList.Gateway.IntegrationTests.Fakes.csproj", "{818B6BF7-0754-4472-8E4A-6D244CAB4952}"
EndProject
Global
	GlobalSection(SolutionConfigurationPlatforms) = preSolution
		Debug|Any CPU = Debug|Any CPU
		Debug|x64 = Debug|x64
		Debug|x86 = Debug|x86
		Release|Any CPU = Release|Any CPU
		Release|x64 = Release|x64
		Release|x86 = Release|x86
	EndGlobalSection
	GlobalSection(ProjectConfigurationPlatforms) = postSolution
		{6125C6DD-8359-4217-8A68-3AC3ADC104FE}.Debug|Any CPU.ActiveCfg = Debug|Any CPU
		{6125C6DD-8359-4217-8A68-3AC3ADC104FE}.Debug|Any CPU.Build.0 = Debug|Any CPU
		{6125C6DD-8359-4217-8A68-3AC3ADC104FE}.Debug|x64.ActiveCfg = Debug|Any CPU
		{6125C6DD-8359-4217-8A68-3AC3ADC104FE}.Debug|x64.Build.0 = Debug|Any CPU
		{6125C6DD-8359-4217-8A68-3AC3ADC104FE}.Debug|x86.ActiveCfg = Debug|Any CPU
		{6125C6DD-8359-4217-8A68-3AC3ADC104FE}.Debug|x86.Build.0 = Debug|Any CPU
		{6125C6DD-8359-4217-8A68-3AC3ADC104FE}.Release|Any CPU.ActiveCfg = Release|Any CPU
		{6125C6DD-8359-4217-8A68-3AC3ADC104FE}.Release|Any CPU.Build.0 = Release|Any CPU
		{6125C6DD-8359-4217-8A68-3AC3ADC104FE}.Release|x64.ActiveCfg = Release|Any CPU
		{6125C6DD-8359-4217-8A68-3AC3ADC104FE}.Release|x64.Build.0 = Release|Any CPU
		{6125C6DD-8359-4217-8A68-3AC3ADC104FE}.Release|x86.ActiveCfg = Release|Any CPU
		{6125C6DD-8359-4217-8A68-3AC3ADC104FE}.Release|x86.Build.0 = Release|Any CPU
		{0CB8A141-98D2-4F43-882D-8EC7128A658D}.Debug|Any CPU.ActiveCfg = Debug|Any CPU
		{0CB8A141-98D2-4F43-882D-8EC7128A658D}.Debug|Any CPU.Build.0 = Debug|Any CPU
		{0CB8A141-98D2-4F43-882D-8EC7128A658D}.Debug|x64.ActiveCfg = Debug|Any CPU
		{0CB8A141-98D2-4F43-882D-8EC7128A658D}.Debug|x64.Build.0 = Debug|Any CPU
		{0CB8A141-98D2-4F43-882D-8EC7128A658D}.Debug|x86.ActiveCfg = Debug|Any CPU
		{0CB8A141-98D2-4F43-882D-8EC7128A658D}.Debug|x86.Build.0 = Debug|Any CPU
		{0CB8A141-98D2-4F43-882D-8EC7128A658D}.Release|Any CPU.ActiveCfg = Release|Any CPU
		{0CB8A141-98D2-4F43-882D-8EC7128A658D}.Release|Any CPU.Build.0 = Release|Any CPU
		{0CB8A141-98D2-4F43-882D-8EC7128A658D}.Release|x64.ActiveCfg = Release|Any CPU
		{0CB8A141-98D2-4F43-882D-8EC7128A658D}.Release|x64.Build.0 = Release|Any CPU
		{0CB8A141-98D2-4F43-882D-8EC7128A658D}.Release|x86.ActiveCfg = Release|Any CPU
		{0CB8A141-98D2-4F43-882D-8EC7128A658D}.Release|x86.Build.0 = Release|Any CPU
		{AEAD56A3-7F3A-4DDF-B984-9ACC372AE2DD}.Debug|Any CPU.ActiveCfg = Debug|Any CPU
		{AEAD56A3-7F3A-4DDF-B984-9ACC372AE2DD}.Debug|Any CPU.Build.0 = Debug|Any CPU
		{AEAD56A3-7F3A-4DDF-B984-9ACC372AE2DD}.Debug|x64.ActiveCfg = Debug|Any CPU
		{AEAD56A3-7F3A-4DDF-B984-9ACC372AE2DD}.Debug|x64.Build.0 = Debug|Any CPU
		{AEAD56A3-7F3A-4DDF-B984-9ACC372AE2DD}.Debug|x86.ActiveCfg = Debug|Any CPU
		{AEAD56A3-7F3A-4DDF-B984-9ACC372AE2DD}.Debug|x86.Build.0 = Debug|Any CPU
		{AEAD56A3-7F3A-4DDF-B984-9ACC372AE2DD}.Release|Any CPU.ActiveCfg = Release|Any CPU
		{AEAD56A3-7F3A-4DDF-B984-9ACC372AE2DD}.Release|Any CPU.Build.0 = Release|Any CPU
		{AEAD56A3-7F3A-4DDF-B984-9ACC372AE2DD}.Release|x64.ActiveCfg = Release|Any CPU
		{AEAD56A3-7F3A-4DDF-B984-9ACC372AE2DD}.Release|x64.Build.0 = Release|Any CPU
		{AEAD56A3-7F3A-4DDF-B984-9ACC372AE2DD}.Release|x86.ActiveCfg = Release|Any CPU
		{AEAD56A3-7F3A-4DDF-B984-9ACC372AE2DD}.Release|x86.Build.0 = Release|Any CPU
		{B49BA901-7440-4619-9E4A-E666B6C8136A}.Debug|Any CPU.ActiveCfg = Debug|Any CPU
		{B49BA901-7440-4619-9E4A-E666B6C8136A}.Debug|Any CPU.Build.0 = Debug|Any CPU
		{B49BA901-7440-4619-9E4A-E666B6C8136A}.Debug|x64.ActiveCfg = Debug|Any CPU
		{B49BA901-7440-4619-9E4A-E666B6C8136A}.Debug|x64.Build.0 = Debug|Any CPU
		{B49BA901-7440-4619-9E4A-E666B6C8136A}.Debug|x86.ActiveCfg = Debug|Any CPU
		{B49BA901-7440-4619-9E4A-E666B6C8136A}.Debug|x86.Build.0 = Debug|Any CPU
		{B49BA901-7440-4619-9E4A-E666B6C8136A}.Release|Any CPU.ActiveCfg = Release|Any CPU
		{B49BA901-7440-4619-9E4A-E666B6C8136A}.Release|Any CPU.Build.0 = Release|Any CPU
		{B49BA901-7440-4619-9E4A-E666B6C8136A}.Release|x64.ActiveCfg = Release|Any CPU
		{B49BA901-7440-4619-9E4A-E666B6C8136A}.Release|x64.Build.0 = Release|Any CPU
		{B49BA901-7440-4619-9E4A-E666B6C8136A}.Release|x86.ActiveCfg = Release|Any CPU
		{B49BA901-7440-4619-9E4A-E666B6C8136A}.Release|x86.Build.0 = Release|Any CPU
		{6752AF0E-76E9-427D-AC19-127D5783552C}.Debug|Any CPU.ActiveCfg = Debug|Any CPU
		{6752AF0E-76E9-427D-AC19-127D5783552C}.Debug|Any CPU.Build.0 = Debug|Any CPU
		{6752AF0E-76E9-427D-AC19-127D5783552C}.Debug|x64.ActiveCfg = Debug|Any CPU
		{6752AF0E-76E9-427D-AC19-127D5783552C}.Debug|x64.Build.0 = Debug|Any CPU
		{6752AF0E-76E9-427D-AC19-127D5783552C}.Debug|x86.ActiveCfg = Debug|Any CPU
		{6752AF0E-76E9-427D-AC19-127D5783552C}.Debug|x86.Build.0 = Debug|Any CPU
		{6752AF0E-76E9-427D-AC19-127D5783552C}.Release|Any CPU.ActiveCfg = Release|Any CPU
		{6752AF0E-76E9-427D-AC19-127D5783552C}.Release|Any CPU.Build.0 = Release|Any CPU
		{6752AF0E-76E9-427D-AC19-127D5783552C}.Release|x64.ActiveCfg = Release|Any CPU
		{6752AF0E-76E9-427D-AC19-127D5783552C}.Release|x64.Build.0 = Release|Any CPU
		{6752AF0E-76E9-427D-AC19-127D5783552C}.Release|x86.ActiveCfg = Release|Any CPU
		{6752AF0E-76E9-427D-AC19-127D5783552C}.Release|x86.Build.0 = Release|Any CPU
		{47E5B696-F426-4DEA-BA70-2300B6D5C010}.Debug|Any CPU.ActiveCfg = Debug|Any CPU
		{47E5B696-F426-4DEA-BA70-2300B6D5C010}.Debug|Any CPU.Build.0 = Debug|Any CPU
		{47E5B696-F426-4DEA-BA70-2300B6D5C010}.Debug|x64.ActiveCfg = Debug|Any CPU
		{47E5B696-F426-4DEA-BA70-2300B6D5C010}.Debug|x64.Build.0 = Debug|Any CPU
		{47E5B696-F426-4DEA-BA70-2300B6D5C010}.Debug|x86.ActiveCfg = Debug|Any CPU
		{47E5B696-F426-4DEA-BA70-2300B6D5C010}.Debug|x86.Build.0 = Debug|Any CPU
		{47E5B696-F426-4DEA-BA70-2300B6D5C010}.Release|Any CPU.ActiveCfg = Release|Any CPU
		{47E5B696-F426-4DEA-BA70-2300B6D5C010}.Release|Any CPU.Build.0 = Release|Any CPU
		{47E5B696-F426-4DEA-BA70-2300B6D5C010}.Release|x64.ActiveCfg = Release|Any CPU
		{47E5B696-F426-4DEA-BA70-2300B6D5C010}.Release|x64.Build.0 = Release|Any CPU
		{47E5B696-F426-4DEA-BA70-2300B6D5C010}.Release|x86.ActiveCfg = Release|Any CPU
		{47E5B696-F426-4DEA-BA70-2300B6D5C010}.Release|x86.Build.0 = Release|Any CPU
		{1083A096-D1EE-42DA-89F3-36B4C12ADF40}.Debug|Any CPU.ActiveCfg = Debug|Any CPU
		{1083A096-D1EE-42DA-89F3-36B4C12ADF40}.Debug|Any CPU.Build.0 = Debug|Any CPU
		{1083A096-D1EE-42DA-89F3-36B4C12ADF40}.Debug|x64.ActiveCfg = Debug|Any CPU
		{1083A096-D1EE-42DA-89F3-36B4C12ADF40}.Debug|x64.Build.0 = Debug|Any CPU
		{1083A096-D1EE-42DA-89F3-36B4C12ADF40}.Debug|x86.ActiveCfg = Debug|Any CPU
		{1083A096-D1EE-42DA-89F3-36B4C12ADF40}.Debug|x86.Build.0 = Debug|Any CPU
		{1083A096-D1EE-42DA-89F3-36B4C12ADF40}.Release|Any CPU.ActiveCfg = Release|Any CPU
		{1083A096-D1EE-42DA-89F3-36B4C12ADF40}.Release|Any CPU.Build.0 = Release|Any CPU
		{1083A096-D1EE-42DA-89F3-36B4C12ADF40}.Release|x64.ActiveCfg = Release|Any CPU
		{1083A096-D1EE-42DA-89F3-36B4C12ADF40}.Release|x64.Build.0 = Release|Any CPU
		{1083A096-D1EE-42DA-89F3-36B4C12ADF40}.Release|x86.ActiveCfg = Release|Any CPU
		{1083A096-D1EE-42DA-89F3-36B4C12ADF40}.Release|x86.Build.0 = Release|Any CPU
		{427B9D1A-8224-4E8F-8975-EB02A65FEA28}.Debug|Any CPU.ActiveCfg = Debug|Any CPU
		{427B9D1A-8224-4E8F-8975-EB02A65FEA28}.Debug|Any CPU.Build.0 = Debug|Any CPU
		{427B9D1A-8224-4E8F-8975-EB02A65FEA28}.Debug|x64.ActiveCfg = Debug|Any CPU
		{427B9D1A-8224-4E8F-8975-EB02A65FEA28}.Debug|x64.Build.0 = Debug|Any CPU
		{427B9D1A-8224-4E8F-8975-EB02A65FEA28}.Debug|x86.ActiveCfg = Debug|Any CPU
		{427B9D1A-8224-4E8F-8975-EB02A65FEA28}.Debug|x86.Build.0 = Debug|Any CPU
		{427B9D1A-8224-4E8F-8975-EB02A65FEA28}.Release|Any CPU.ActiveCfg = Release|Any CPU
		{427B9D1A-8224-4E8F-8975-EB02A65FEA28}.Release|Any CPU.Build.0 = Release|Any CPU
		{427B9D1A-8224-4E8F-8975-EB02A65FEA28}.Release|x64.ActiveCfg = Release|Any CPU
		{427B9D1A-8224-4E8F-8975-EB02A65FEA28}.Release|x64.Build.0 = Release|Any CPU
		{427B9D1A-8224-4E8F-8975-EB02A65FEA28}.Release|x86.ActiveCfg = Release|Any CPU
		{427B9D1A-8224-4E8F-8975-EB02A65FEA28}.Release|x86.Build.0 = Release|Any CPU
		{AF8616D5-A39F-4C7B-9DAB-2E134BAEB1A0}.Debug|Any CPU.ActiveCfg = Debug|Any CPU
		{AF8616D5-A39F-4C7B-9DAB-2E134BAEB1A0}.Debug|Any CPU.Build.0 = Debug|Any CPU
		{AF8616D5-A39F-4C7B-9DAB-2E134BAEB1A0}.Debug|x64.ActiveCfg = Debug|Any CPU
		{AF8616D5-A39F-4C7B-9DAB-2E134BAEB1A0}.Debug|x64.Build.0 = Debug|Any CPU
		{AF8616D5-A39F-4C7B-9DAB-2E134BAEB1A0}.Debug|x86.ActiveCfg = Debug|Any CPU
		{AF8616D5-A39F-4C7B-9DAB-2E134BAEB1A0}.Debug|x86.Build.0 = Debug|Any CPU
		{AF8616D5-A39F-4C7B-9DAB-2E134BAEB1A0}.Release|Any CPU.ActiveCfg = Release|Any CPU
		{AF8616D5-A39F-4C7B-9DAB-2E134BAEB1A0}.Release|Any CPU.Build.0 = Release|Any CPU
		{AF8616D5-A39F-4C7B-9DAB-2E134BAEB1A0}.Release|x64.ActiveCfg = Release|Any CPU
		{AF8616D5-A39F-4C7B-9DAB-2E134BAEB1A0}.Release|x64.Build.0 = Release|Any CPU
		{AF8616D5-A39F-4C7B-9DAB-2E134BAEB1A0}.Release|x86.ActiveCfg = Release|Any CPU
		{AF8616D5-A39F-4C7B-9DAB-2E134BAEB1A0}.Release|x86.Build.0 = Release|Any CPU
		{A7619D11-C078-4E3D-8A53-76F5D0AC7EF2}.Debug|Any CPU.ActiveCfg = Debug|Any CPU
		{A7619D11-C078-4E3D-8A53-76F5D0AC7EF2}.Debug|Any CPU.Build.0 = Debug|Any CPU
		{A7619D11-C078-4E3D-8A53-76F5D0AC7EF2}.Debug|x64.ActiveCfg = Debug|Any CPU
		{A7619D11-C078-4E3D-8A53-76F5D0AC7EF2}.Debug|x64.Build.0 = Debug|Any CPU
		{A7619D11-C078-4E3D-8A53-76F5D0AC7EF2}.Debug|x86.ActiveCfg = Debug|Any CPU
		{A7619D11-C078-4E3D-8A53-76F5D0AC7EF2}.Debug|x86.Build.0 = Debug|Any CPU
		{A7619D11-C078-4E3D-8A53-76F5D0AC7EF2}.Release|Any CPU.ActiveCfg = Release|Any CPU
		{A7619D11-C078-4E3D-8A53-76F5D0AC7EF2}.Release|Any CPU.Build.0 = Release|Any CPU
		{A7619D11-C078-4E3D-8A53-76F5D0AC7EF2}.Release|x64.ActiveCfg = Release|Any CPU
		{A7619D11-C078-4E3D-8A53-76F5D0AC7EF2}.Release|x64.Build.0 = Release|Any CPU
		{A7619D11-C078-4E3D-8A53-76F5D0AC7EF2}.Release|x86.ActiveCfg = Release|Any CPU
		{A7619D11-C078-4E3D-8A53-76F5D0AC7EF2}.Release|x86.Build.0 = Release|Any CPU
		{80F2726C-22DB-4404-9EAE-64EC6E213CEE}.Debug|Any CPU.ActiveCfg = Debug|Any CPU
		{80F2726C-22DB-4404-9EAE-64EC6E213CEE}.Debug|Any CPU.Build.0 = Debug|Any CPU
		{80F2726C-22DB-4404-9EAE-64EC6E213CEE}.Debug|x64.ActiveCfg = Debug|Any CPU
		{80F2726C-22DB-4404-9EAE-64EC6E213CEE}.Debug|x64.Build.0 = Debug|Any CPU
		{80F2726C-22DB-4404-9EAE-64EC6E213CEE}.Debug|x86.ActiveCfg = Debug|Any CPU
		{80F2726C-22DB-4404-9EAE-64EC6E213CEE}.Debug|x86.Build.0 = Debug|Any CPU
		{80F2726C-22DB-4404-9EAE-64EC6E213CEE}.Release|Any CPU.ActiveCfg = Release|Any CPU
		{80F2726C-22DB-4404-9EAE-64EC6E213CEE}.Release|Any CPU.Build.0 = Release|Any CPU
		{80F2726C-22DB-4404-9EAE-64EC6E213CEE}.Release|x64.ActiveCfg = Release|Any CPU
		{80F2726C-22DB-4404-9EAE-64EC6E213CEE}.Release|x64.Build.0 = Release|Any CPU
		{80F2726C-22DB-4404-9EAE-64EC6E213CEE}.Release|x86.ActiveCfg = Release|Any CPU
		{80F2726C-22DB-4404-9EAE-64EC6E213CEE}.Release|x86.Build.0 = Release|Any CPU
		{BF0CC71D-4DB6-415C-A822-F5C27E589A81}.Debug|Any CPU.ActiveCfg = Debug|Any CPU
		{BF0CC71D-4DB6-415C-A822-F5C27E589A81}.Debug|Any CPU.Build.0 = Debug|Any CPU
		{BF0CC71D-4DB6-415C-A822-F5C27E589A81}.Debug|x64.ActiveCfg = Debug|Any CPU
		{BF0CC71D-4DB6-415C-A822-F5C27E589A81}.Debug|x64.Build.0 = Debug|Any CPU
		{BF0CC71D-4DB6-415C-A822-F5C27E589A81}.Debug|x86.ActiveCfg = Debug|Any CPU
		{BF0CC71D-4DB6-415C-A822-F5C27E589A81}.Debug|x86.Build.0 = Debug|Any CPU
		{BF0CC71D-4DB6-415C-A822-F5C27E589A81}.Release|Any CPU.ActiveCfg = Release|Any CPU
		{BF0CC71D-4DB6-415C-A822-F5C27E589A81}.Release|Any CPU.Build.0 = Release|Any CPU
		{BF0CC71D-4DB6-415C-A822-F5C27E589A81}.Release|x64.ActiveCfg = Release|Any CPU
		{BF0CC71D-4DB6-415C-A822-F5C27E589A81}.Release|x64.Build.0 = Release|Any CPU
		{BF0CC71D-4DB6-415C-A822-F5C27E589A81}.Release|x86.ActiveCfg = Release|Any CPU
		{BF0CC71D-4DB6-415C-A822-F5C27E589A81}.Release|x86.Build.0 = Release|Any CPU
		{558EF556-E3F9-4D43-9D36-C379EF510C94}.Debug|Any CPU.ActiveCfg = Debug|Any CPU
		{558EF556-E3F9-4D43-9D36-C379EF510C94}.Debug|Any CPU.Build.0 = Debug|Any CPU
		{558EF556-E3F9-4D43-9D36-C379EF510C94}.Debug|x64.ActiveCfg = Debug|Any CPU
		{558EF556-E3F9-4D43-9D36-C379EF510C94}.Debug|x64.Build.0 = Debug|Any CPU
		{558EF556-E3F9-4D43-9D36-C379EF510C94}.Debug|x86.ActiveCfg = Debug|Any CPU
		{558EF556-E3F9-4D43-9D36-C379EF510C94}.Debug|x86.Build.0 = Debug|Any CPU
		{558EF556-E3F9-4D43-9D36-C379EF510C94}.Release|Any CPU.ActiveCfg = Release|Any CPU
		{558EF556-E3F9-4D43-9D36-C379EF510C94}.Release|Any CPU.Build.0 = Release|Any CPU
		{558EF556-E3F9-4D43-9D36-C379EF510C94}.Release|x64.ActiveCfg = Release|Any CPU
		{558EF556-E3F9-4D43-9D36-C379EF510C94}.Release|x64.Build.0 = Release|Any CPU
		{558EF556-E3F9-4D43-9D36-C379EF510C94}.Release|x86.ActiveCfg = Release|Any CPU
		{558EF556-E3F9-4D43-9D36-C379EF510C94}.Release|x86.Build.0 = Release|Any CPU
		{42CE2C4C-364A-4DA5-B65D-F3C0A25DA236}.Debug|Any CPU.ActiveCfg = Debug|Any CPU
		{42CE2C4C-364A-4DA5-B65D-F3C0A25DA236}.Debug|Any CPU.Build.0 = Debug|Any CPU
		{42CE2C4C-364A-4DA5-B65D-F3C0A25DA236}.Debug|x64.ActiveCfg = Debug|Any CPU
		{42CE2C4C-364A-4DA5-B65D-F3C0A25DA236}.Debug|x64.Build.0 = Debug|Any CPU
		{42CE2C4C-364A-4DA5-B65D-F3C0A25DA236}.Debug|x86.ActiveCfg = Debug|Any CPU
		{42CE2C4C-364A-4DA5-B65D-F3C0A25DA236}.Debug|x86.Build.0 = Debug|Any CPU
		{42CE2C4C-364A-4DA5-B65D-F3C0A25DA236}.Release|Any CPU.ActiveCfg = Release|Any CPU
		{42CE2C4C-364A-4DA5-B65D-F3C0A25DA236}.Release|Any CPU.Build.0 = Release|Any CPU
		{42CE2C4C-364A-4DA5-B65D-F3C0A25DA236}.Release|x64.ActiveCfg = Release|Any CPU
		{42CE2C4C-364A-4DA5-B65D-F3C0A25DA236}.Release|x64.Build.0 = Release|Any CPU
		{42CE2C4C-364A-4DA5-B65D-F3C0A25DA236}.Release|x86.ActiveCfg = Release|Any CPU
		{42CE2C4C-364A-4DA5-B65D-F3C0A25DA236}.Release|x86.Build.0 = Release|Any CPU
		{4B60198D-091F-4325-9B67-5A0F8222A5B2}.Debug|Any CPU.ActiveCfg = Debug|Any CPU
		{4B60198D-091F-4325-9B67-5A0F8222A5B2}.Debug|Any CPU.Build.0 = Debug|Any CPU
		{4B60198D-091F-4325-9B67-5A0F8222A5B2}.Debug|x64.ActiveCfg = Debug|Any CPU
		{4B60198D-091F-4325-9B67-5A0F8222A5B2}.Debug|x64.Build.0 = Debug|Any CPU
		{4B60198D-091F-4325-9B67-5A0F8222A5B2}.Debug|x86.ActiveCfg = Debug|Any CPU
		{4B60198D-091F-4325-9B67-5A0F8222A5B2}.Debug|x86.Build.0 = Debug|Any CPU
		{4B60198D-091F-4325-9B67-5A0F8222A5B2}.Release|Any CPU.ActiveCfg = Release|Any CPU
		{4B60198D-091F-4325-9B67-5A0F8222A5B2}.Release|Any CPU.Build.0 = Release|Any CPU
		{4B60198D-091F-4325-9B67-5A0F8222A5B2}.Release|x64.ActiveCfg = Release|Any CPU
		{4B60198D-091F-4325-9B67-5A0F8222A5B2}.Release|x64.Build.0 = Release|Any CPU
		{4B60198D-091F-4325-9B67-5A0F8222A5B2}.Release|x86.ActiveCfg = Release|Any CPU
		{4B60198D-091F-4325-9B67-5A0F8222A5B2}.Release|x86.Build.0 = Release|Any CPU
		{BD4ED43F-7F43-428A-8535-C67852A71974}.Debug|Any CPU.ActiveCfg = Debug|Any CPU
		{BD4ED43F-7F43-428A-8535-C67852A71974}.Debug|Any CPU.Build.0 = Debug|Any CPU
		{BD4ED43F-7F43-428A-8535-C67852A71974}.Debug|x64.ActiveCfg = Debug|Any CPU
		{BD4ED43F-7F43-428A-8535-C67852A71974}.Debug|x64.Build.0 = Debug|Any CPU
		{BD4ED43F-7F43-428A-8535-C67852A71974}.Debug|x86.ActiveCfg = Debug|Any CPU
		{BD4ED43F-7F43-428A-8535-C67852A71974}.Debug|x86.Build.0 = Debug|Any CPU
		{BD4ED43F-7F43-428A-8535-C67852A71974}.Release|Any CPU.ActiveCfg = Release|Any CPU
		{BD4ED43F-7F43-428A-8535-C67852A71974}.Release|Any CPU.Build.0 = Release|Any CPU
		{BD4ED43F-7F43-428A-8535-C67852A71974}.Release|x64.ActiveCfg = Release|Any CPU
		{BD4ED43F-7F43-428A-8535-C67852A71974}.Release|x64.Build.0 = Release|Any CPU
		{BD4ED43F-7F43-428A-8535-C67852A71974}.Release|x86.ActiveCfg = Release|Any CPU
		{BD4ED43F-7F43-428A-8535-C67852A71974}.Release|x86.Build.0 = Release|Any CPU
		{818B6BF7-0754-4472-8E4A-6D244CAB4952}.Debug|Any CPU.ActiveCfg = Debug|Any CPU
		{818B6BF7-0754-4472-8E4A-6D244CAB4952}.Debug|Any CPU.Build.0 = Debug|Any CPU
		{818B6BF7-0754-4472-8E4A-6D244CAB4952}.Debug|x64.ActiveCfg = Debug|Any CPU
		{818B6BF7-0754-4472-8E4A-6D244CAB4952}.Debug|x64.Build.0 = Debug|Any CPU
		{818B6BF7-0754-4472-8E4A-6D244CAB4952}.Debug|x86.ActiveCfg = Debug|Any CPU
		{818B6BF7-0754-4472-8E4A-6D244CAB4952}.Debug|x86.Build.0 = Debug|Any CPU
		{818B6BF7-0754-4472-8E4A-6D244CAB4952}.Release|Any CPU.ActiveCfg = Release|Any CPU
		{818B6BF7-0754-4472-8E4A-6D244CAB4952}.Release|Any CPU.Build.0 = Release|Any CPU
		{818B6BF7-0754-4472-8E4A-6D244CAB4952}.Release|x64.ActiveCfg = Release|Any CPU
		{818B6BF7-0754-4472-8E4A-6D244CAB4952}.Release|x64.Build.0 = Release|Any CPU
		{818B6BF7-0754-4472-8E4A-6D244CAB4952}.Release|x86.ActiveCfg = Release|Any CPU
		{818B6BF7-0754-4472-8E4A-6D244CAB4952}.Release|x86.Build.0 = Release|Any CPU
	EndGlobalSection
	GlobalSection(SolutionProperties) = preSolution
		HideSolutionNode = FALSE
	EndGlobalSection
	GlobalSection(NestedProjects) = preSolution
		{C8E42992-5E42-0C2B-DBFE-AA848D06431C} = {827E0CD3-B72D-47B6-A68D-7590B98EB39B}
		{6125C6DD-8359-4217-8A68-3AC3ADC104FE} = {C8E42992-5E42-0C2B-DBFE-AA848D06431C}
		{65ABFB5D-2B10-DF64-BF12-C17976F8E5D9} = {827E0CD3-B72D-47B6-A68D-7590B98EB39B}
		{0CB8A141-98D2-4F43-882D-8EC7128A658D} = {65ABFB5D-2B10-DF64-BF12-C17976F8E5D9}
		{AEAD56A3-7F3A-4DDF-B984-9ACC372AE2DD} = {65ABFB5D-2B10-DF64-BF12-C17976F8E5D9}
		{B49BA901-7440-4619-9E4A-E666B6C8136A} = {65ABFB5D-2B10-DF64-BF12-C17976F8E5D9}
		{6752AF0E-76E9-427D-AC19-127D5783552C} = {65ABFB5D-2B10-DF64-BF12-C17976F8E5D9}
		{0EAE81AC-B663-21D5-F9F1-5E8A35DD955A} = {827E0CD3-B72D-47B6-A68D-7590B98EB39B}
		{47E5B696-F426-4DEA-BA70-2300B6D5C010} = {0EAE81AC-B663-21D5-F9F1-5E8A35DD955A}
		{1083A096-D1EE-42DA-89F3-36B4C12ADF40} = {0EAE81AC-B663-21D5-F9F1-5E8A35DD955A}
		{427B9D1A-8224-4E8F-8975-EB02A65FEA28} = {0EAE81AC-B663-21D5-F9F1-5E8A35DD955A}
		{AF8616D5-A39F-4C7B-9DAB-2E134BAEB1A0} = {0EAE81AC-B663-21D5-F9F1-5E8A35DD955A}
		{A7619D11-C078-4E3D-8A53-76F5D0AC7EF2} = {0AB3BF05-4346-4AA6-1389-037BE0695223}
		{80F2726C-22DB-4404-9EAE-64EC6E213CEE} = {0AB3BF05-4346-4AA6-1389-037BE0695223}
		{BF0CC71D-4DB6-415C-A822-F5C27E589A81} = {0AB3BF05-4346-4AA6-1389-037BE0695223}
		{558EF556-E3F9-4D43-9D36-C379EF510C94} = {0AB3BF05-4346-4AA6-1389-037BE0695223}
		{42CE2C4C-364A-4DA5-B65D-F3C0A25DA236} = {E7BDDBC6-9FD1-D1D7-ACD8-2C4F8E3D2461}
		{4B60198D-091F-4325-9B67-5A0F8222A5B2} = {0AB3BF05-4346-4AA6-1389-037BE0695223}
		{BD4ED43F-7F43-428A-8535-C67852A71974} = {0AB3BF05-4346-4AA6-1389-037BE0695223}
		{818B6BF7-0754-4472-8E4A-6D244CAB4952} = {0AB3BF05-4346-4AA6-1389-037BE0695223}
	EndGlobalSection
EndGlobal
